
Microsoft Visual Studio Solution File, Format Version 12.00
# Visual Studio Version 16
VisualStudioVersion = 16.0.30804.86
MinimumVisualStudioVersion = 10.0.40219.1
Project("{FAE04EC0-301F-11D3-BF4B-00C04F79EFBC}") = "BubbleHit", "BubbleHit.csproj", "{B7CB2EE5-01B1-4559-981B-2135E1599A0F}"
EndProject
Project("{FAE04EC0-301F-11D3-BF4B-00C04F79EFBC}") = "WindowsFormsApp1", "WindowsFormsApp1\WindowsFormsApp1.csproj", "{4A38D735-9120-4D3E-94E4-26E955A59430}"
EndProject
Global
	GlobalSection(SolutionConfigurationPlatforms) = preSolution
		Debug|Any CPU = Debug|Any CPU
		Release|Any CPU = Release|Any CPU
	EndGlobalSection
	GlobalSection(ProjectConfigurationPlatforms) = postSolution
		{B7CB2EE5-01B1-4559-981B-2135E1599A0F}.Debug|Any CPU.ActiveCfg = Debug|Any CPU
		{B7CB2EE5-01B1-4559-981B-2135E1599A0F}.Debug|Any CPU.Build.0 = Debug|Any CPU
		{B7CB2EE5-01B1-4559-981B-2135E1599A0F}.Release|Any CPU.ActiveCfg = Release|Any CPU
		{B7CB2EE5-01B1-4559-981B-2135E1599A0F}.Release|Any CPU.Build.0 = Release|Any CPU
		{4A38D735-9120-4D3E-94E4-26E955A59430}.Debug|Any CPU.ActiveCfg = Debug|Any CPU
		{4A38D735-9120-4D3E-94E4-26E955A59430}.Debug|Any CPU.Build.0 = Debug|Any CPU
		{4A38D735-9120-4D3E-94E4-26E955A59430}.Release|Any CPU.ActiveCfg = Release|Any CPU
		{4A38D735-9120-4D3E-94E4-26E955A59430}.Release|Any CPU.Build.0 = Release|Any CPU
	EndGlobalSection
	GlobalSection(SolutionProperties) = preSolution
		HideSolutionNode = FALSE
	EndGlobalSection
	GlobalSection(ExtensibilityGlobals) = postSolution
		SolutionGuid = {A1B49188-61B6-4FB1-8EE3-D9279233F5B3}
	EndGlobalSection
EndGlobal
